{
  "name": "stoat-p2p",
  "version": "0.1.0",
  "lockfileVersion": 3,
  "requires": true,
  "packages": {
    "": {
      "name": "stoat-p2p",
      "version": "0.1.0",
      "license": "AGPL-3.0-or-later",
      "dependencies": {
        "ws": "^8.18.0"
      },
      "bin": {
        "stoat-p2p": "src/cli.ts"
      },
      "devDependencies": {
        "@types/node": "^22.15.0",
        "@types/ws": "^8.5.12",
        "stoat.js": "^7.3.6",
        "typescript": "^5.9.0"
      },
      "engines": {
        "node": ">=22.18.0"
      }
    },
    "node_modules/@solid-primitives/map": {
      "version": "0.7.4",
      "resolved": "https://registry.npmjs.org/@solid-primitives/map/-/map-0.7.4.tgz",
      "integrity": "sha512-zHWjQpcqxiXCuHb08GXJm3KnCTXOQNGMQu07CBOwtj9qCgjNUmwm5/UG+M2txQIPCbpY9rleAoOmEaQW4iaXMQ==",
      "dev": true,
      "license": "MIT",
      "dependencies": {
        "@solid-primitives/trigger": "^1.2.4"
      },
      "peerDependencies": {
        "solid-js": "^1.6.12"
      }
    },
    "node_modules/@solid-primitives/set": {
      "version": "0.7.4",
      "resolved": "https://registry.npmjs.org/@solid-primitives/set/-/set-0.7.4.tgz",
      "integrity": "sha512-/QlGdStYqUTGfuiEFF0MdURS+25k1ayxWAEqJyt9MRrNimZP7VFs6WgkKaPBWW5t0yCrncAa/B9z24Coz9eE/w==",
      "dev": true,
      "license": "MIT",
      "dependencies": {
        "@solid-primitives/trigger": "^1.2.4"
      },
      "peerDependencies": {
        "solid-js": "^1.6.12"
      }
    },
    "node_modules/@solid-primitives/trigger": {
      "version": "1.2.4",
      "resolved": "https://registry.npmjs.org/@solid-primitives/trigger/-/trigger-1.2.4.tgz",
      "integrity": "sha512-Ju0e+ZOD7hpOp7nptJimvDSZHWFvIvF9iBWMvuwt30smX7c5wmB8Kmc0AdDuv0wOTi06PQ1J5IrP1WJbH2yUBQ==",
      "dev": true,
      "license": "MIT",
      "dependencies": {
        "@solid-primitives/utils": "^6.4.1"
      },
      "peerDependencies": {
        "solid-js": "^1.6.12"
      }
    },
    "node_modules/@solid-primitives/utils": {
      "version": "6.4.1",
      "resolved": "https://registry.npmjs.org/@solid-primitives/utils/-/utils-6.4.1.tgz",
      "integrity": "sha512-ISSB5QX1qP2ynrheIpYwc4oKR5Ny4siNuUyf1qZniy+Il+p/PtDB0QK1Dnle8noiHpwRD3gpPdubOC3qI/Zamg==",
      "dev": true,
      "license": "MIT",
      "peerDependencies": {
        "solid-js": "^1.6.12"
      }
    },
    "node_modules/@types/node": {
      "version": "22.20.4",
      "resolved": "https://registry.npmjs.org/@types/node/-/node-22.20.4.tgz",
      "integrity": "sha512-zJRE40jpHtKqE/C4fgHrAKQLJuSpzEnP9ff9Y7YtoR3Wd2pwqzlekDeEuUQXjRd+QCYnVnNwuJYmhdk9XV8gvA==",
      "dev": true,
      "license": "MIT",
      "dependencies": {
        "undici-types": "~6.21.0"
      }
    },
    "node_modules/@types/ws": {
      "version": "8.18.2",
      "resolved": "https://registry.npmjs.org/@types/ws/-/ws-8.18.2.tgz",
      "integrity": "sha512-67MQl+fpWKVTT1NYdnmo3U4sc/xPo/zQBncVnI74qmQa0z/b+1g6iYqNmGCPbxO+zz2aklb08a0oHfegiVd0/w==",
      "dev": true,
      "license": "MIT",
      "dependencies": {
        "@types/node": "*"
      }
    },
    "node_modules/@vladfrangu/async_event_emitter": {
      "version": "2.4.7",
      "resolved": "https://registry.npmjs.org/@vladfrangu/async_event_emitter/-/async_event_emitter-2.4.7.tgz",
      "integrity": "sha512-Xfe6rpCTxSxfbswi/W/Pz7zp1WWSNn4A0eW4mLkQUewCrXXtMj31lCg+iQyTkh/CkusZSq9eDflu7tjEDXUY6g==",
      "dev": true,
      "license": "MIT",
      "engines": {
        "node": ">=v14.0.0",
        "npm": ">=7.0.0"
      }
    },
    "node_modules/csstype": {
      "version": "3.2.3",
      "resolved": "https://registry.npmjs.org/csstype/-/csstype-3.2.3.tgz",
      "integrity": "sha512-z1HGKcYy2xA8AGQfwrn0PAy+PB7X/GSj3UVJW9qKyn43xWa+gl5nXmU4qqLMRzWVLFC8KusUX8T/0kCiOYpAIQ==",
      "dev": true,
      "license": "MIT"
    },
    "node_modules/json-with-bigint": {
      "version": "3.5.12",
      "resolved": "https://registry.npmjs.org/json-with-bigint/-/json-with-bigint-3.5.12.tgz",
      "integrity": "sha512-uwbF/wSSuOgC7qqlq27Xp5B6a2MHVug3t0idZdTqu0JnlFvgJuH7ju+KAk/J06C7GfhoYy2gnb9wz2INqcne7w==",
      "dev": true,
      "license": "MIT"
    },
    "node_modules/seroval": {
      "version": "1.5.6",
      "resolved": "https://registry.npmjs.org/seroval/-/seroval-1.5.6.tgz",
      "integrity": "sha512-rVQVWjjSvlINzaQPZH5JFqsqEsIWdTxY3iJZCnTL/5gQbXIRooVZKI60tVCkOVfzcRPejboxO2t0P89dg5mQaA==",
      "dev": true,
      "license": "MIT",
      "engines": {
        "node": ">=10"
      }
    },
    "node_modules/seroval-plugins": {
      "version": "1.5.6",
      "resolved": "https://registry.npmjs.org/seroval-plugins/-/seroval-plugins-1.5.6.tgz",
      "integrity": "sha512-HXuLAX2pu/UByPpaeo/TaMfvMIi+1QqIoPJYCcAtU8QkVNwgR6MPlGuCQTErV1JwraaMbYaWVIBX7mppzGLATQ==",
      "dev": true,
      "license": "MIT",
      "engines": {
        "node": ">=10"
      },
      "peerDependencies": {
        "seroval": "^1.0"
      }
    },
    "node_modules/solid-js": {
      "version": "1.9.15",
      "resolved": "https://registry.npmjs.org/solid-js/-/solid-js-1.9.15.tgz",
      "integrity": "sha512-EeiY2xfpZJqPLjXspVEKjAII4yv8NyG//NxZ3IpOFHdUNnnTyL0uJOeS9LWGvA7cFCz5y94cjFwYlmw5Luncsg==",
      "dev": true,
      "license": "MIT",
      "dependencies": {
        "csstype": "^3.1.0",
        "seroval": "~1.5.4",
        "seroval-plugins": "~1.5.4"
      }
    },
    "node_modules/stoat-api": {
      "version": "0.8.9-4",
      "resolved": "https://registry.npmjs.org/stoat-api/-/stoat-api-0.8.9-4.tgz",
      "integrity": "sha512-6N4kfE1x+j/XYVaBuvYqzbWxjgqbxSarvNjMv8GEcBaqbkiyPzUwsCj12NJsNNp4uyZmsqoUYUj2jIq018uqiA==",
      "dev": true,
      "license": "MIT",
      "dependencies": {
        "json-with-bigint": "^3.4.4"
      }
    },
    "node_modules/stoat.js": {
      "version": "7.3.6",
      "resolved": "https://registry.npmjs.org/stoat.js/-/stoat.js-7.3.6.tgz",
      "integrity": "sha512-q2+00tjuaGHVSBA5Sg8vBDp73k3yZtsfDyS8OUqYgHYT2uL8x5RZHsrViuloPwHHuKNldzQjib/VdQMISZIfOg==",
      "dev": true,
      "license": "MIT",
      "dependencies": {
        "@solid-primitives/map": "^0.7.1",
        "@solid-primitives/set": "^0.7.1",
        "@vladfrangu/async_event_emitter": "^2.4.6",
        "json-with-bigint": "^3.4.4",
        "solid-js": "^1.9.6",
        "stoat-api": "0.8.9-4",
        "ulid": "^2.4.0"
      }
    },
    "node_modules/typescript": {
      "version": "5.9.3",
      "resolved": "https://registry.npmjs.org/typescript/-/typescript-5.9.3.tgz",
      "integrity": "sha512-jl1vZzPDinLr9eUt3J/t7V6FgNEw9QjvBPdysz9KfQDD41fQrC2Y4vKQdiaUpFT4bXlb1RHhLpp8wtm6M5TgSw==",
      "dev": true,
      "license": "Apache-2.0",
      "bin": {
        "tsc": "bin/tsc",
        "tsserver": "bin/tsserver"
      },
      "engines": {
        "node": ">=14.17"
      }
    },
    "node_modules/ulid": {
      "version": "2.4.0",
      "resolved": "https://registry.npmjs.org/ulid/-/ulid-2.4.0.tgz",
      "integrity": "sha512-fIRiVTJNcSRmXKPZtGzFQv9WRrZ3M9eoptl/teFJvjOzmpU+/K/JH6HZ8deBfb5vMEpicJcLn7JmvdknlMq7Zg==",
      "dev": true,
      "license": "MIT",
      "bin": {
        "ulid": "bin/cli.js"
      }
    },
    "node_modules/undici-types": {
      "version": "6.21.0",
      "resolved": "https://registry.npmjs.org/undici-types/-/undici-types-6.21.0.tgz",
      "integrity": "sha512-iwDZqg0QAGrg9Rav5H4n0M64c3mkR59cJ6wQp+7C4nI0gsmExaedaYLNO44eT4AtBBwjbTiGPMlt2Md0T9H9JQ==",
      "dev": true,
      "license": "MIT"
    },
    "node_modules/ws": {
      "version": "8.22.0",
      "resolved": "https://registry.npmjs.org/ws/-/ws-8.22.0.tgz",
      "integrity": "sha512-Ydggc987+RO0AnWtZ/7Wq9FtNvcrL1b/RO0ud9mWjUPgDrsAAwQSF51sm2hm1XofbU/4jkpGEsLFsZZxU+1DOg==",
      "license": "MIT",
      "engines": {
        "node": ">=10.0.0"
      },
      "peerDependencies": {
        "bufferutil": "^4.0.1",
        "utf-8-validate": ">=5.0.2"
      },
      "peerDependenciesMeta": {
        "bufferutil": {
          "optional": true
        },
        "utf-8-validate": {
          "optional": true
        }
      }
    }
  }
}
